
Microsoft Visual Studio Solution File, Format Version 12.00
# Visual Studio Version 17
VisualStudioVersion = 17.9.34622.214
MinimumVisualStudioVersion = 10.0.40219.1
Project("{FAE04EC0-301F-11D3-BF4B-00C04F79EFBC}") = "Introduction task", "Introduction task\Introduction task.csproj", "{BC5DB57F-6C9D-4F01-ADED-53D147548713}"
EndProject
Global
	GlobalSection(SolutionConfigurationPlatforms) = preSolution
		Debug|Any CPU = Debug|Any CPU
		Release|Any CPU = Release|Any CPU
	EndGlobalSection
	GlobalSection(ProjectConfigurationPlatforms) = postSolution
		{BC5DB57F-6C9D-4F01-ADED-53D147548713}.Debug|Any CPU.ActiveCfg = Debug|Any CPU
		{BC5DB57F-6C9D-4F01-ADED-53D147548713}.Debug|Any CPU.Build.0 = Debug|Any CPU
		{BC5DB57F-6C9D-4F01-ADED-53D147548713}.Release|Any CPU.ActiveCfg = Release|Any CPU
		{BC5DB57F-6C9D-4F01-ADED-53D147548713}.Release|Any CPU.Build.0 = Release|Any CPU
	EndGlobalSection
	GlobalSection(SolutionProperties) = preSolution
		HideSolutionNode = FALSE
	EndGlobalSection
	GlobalSection(ExtensibilityGlobals) = postSolution
		SolutionGuid = {58FD31D5-2D35-4E69-BAD9-9B6CF4C8FBEF}
	EndGlobalSection
EndGlobal
